{
  "requires": true,
  "lockfileVersion": 1,
  "dependencies": {
    "pixel-art": {
      "version": "1.3.0",
      "resolved": "https://registry.npmjs.org/pixel-art/-/pixel-art-1.3.0.tgz",
      "integrity": "sha512-+J5IbFxxViimhn+wLIdwNO28Eq38L2XqCQPO5cE6LJ2htzuAUs5zwcSo+gx6Wn8eTBEphk3rFmqqGOjSR96lAQ=="
    }
  }
}
